
Microsoft Visual Studio Solution File, Format Version 12.00
# Visual Studio Version 17
VisualStudioVersion = 17.1.32421.90
MinimumVisualStudioVersion = 10.0.40219.1
Project("{2150E333-8FDC-42A3-9474-1A3956D46DE8}") = "src", "src", "{5CCE7ED6-C5F5-49EB-9431-DC81F6F19009}"
EndProject
Project("{2150E333-8FDC-42A3-9474-1A3956D46DE8}") = "app", "app", "{F3C7E92F-37AD-4F32-96F4-37F13B9DA5B0}"
EndProject
Project("{9A19103F-16F7-4668-BE54-9A1E7A4F7556}") = "Abogado.Domain", "src\Abogado.Domain\Abogado.Domain.csproj", "{4B8F1EDB-9057-4879-8DFD-3813D2540758}"
EndProject
Project("{9A19103F-16F7-4668-BE54-9A1E7A4F7556}") = "Abogado.Application", "src\Abogado.Application\Abogado.Application.csproj", "{F6C528FB-1D9F-4372-9904-6D56C3B75CBA}"
EndProject
Project("{9A19103F-16F7-4668-BE54-9A1E7A4F7556}") = "Abogado.Infrastructure", "src\Abogado.Infrastructure\Abogado.Infrastructure.csproj", "{07E98B29-C742-484D-B0C2-319FE958AB15}"
EndProject
Project("{9A19103F-16F7-4668-BE54-9A1E7A4F7556}") = "Abogado.Web", "app\Abogado.Web\Abogado.Web.csproj", "{19DB38C3-08D5-4305-900E-C0F77BDAECCD}"
EndProject
Global
	GlobalSection(SolutionConfigurationPlatforms) = preSolution
		Debug|Any CPU = Debug|Any CPU
		Release|Any CPU = Release|Any CPU
	EndGlobalSection
	GlobalSection(ProjectConfigurationPlatforms) = postSolution
		{4B8F1EDB-9057-4879-8DFD-3813D2540758}.Debug|Any CPU.ActiveCfg = Debug|Any CPU
		{4B8F1EDB-9057-4879-8DFD-3813D2540758}.Debug|Any CPU.Build.0 = Debug|Any CPU
		{4B8F1EDB-9057-4879-8DFD-3813D2540758}.Release|Any CPU.ActiveCfg = Release|Any CPU
		{4B8F1EDB-9057-4879-8DFD-3813D2540758}.Release|Any CPU.Build.0 = Release|Any CPU
		{F6C528FB-1D9F-4372-9904-6D56C3B75CBA}.Debug|Any CPU.ActiveCfg = Debug|Any CPU
		{F6C528FB-1D9F-4372-9904-6D56C3B75CBA}.Debug|Any CPU.Build.0 = Debug|Any CPU
		{F6C528FB-1D9F-4372-9904-6D56C3B75CBA}.Release|Any CPU.ActiveCfg = Release|Any CPU
		{F6C528FB-1D9F-4372-9904-6D56C3B75CBA}.Release|Any CPU.Build.0 = Release|Any CPU
		{07E98B29-C742-484D-B0C2-319FE958AB15}.Debug|Any CPU.ActiveCfg = Debug|Any CPU
		{07E98B29-C742-484D-B0C2-319FE958AB15}.Debug|Any CPU.Build.0 = Debug|Any CPU
		{07E98B29-C742-484D-B0C2-319FE958AB15}.Release|Any CPU.ActiveCfg = Release|Any CPU
		{07E98B29-C742-484D-B0C2-319FE958AB15}.Release|Any CPU.Build.0 = Release|Any CPU
		{19DB38C3-08D5-4305-900E-C0F77BDAECCD}.Debug|Any CPU.ActiveCfg = Debug|Any CPU
		{19DB38C3-08D5-4305-900E-C0F77BDAECCD}.Debug|Any CPU.Build.0 = Debug|Any CPU
		{19DB38C3-08D5-4305-900E-C0F77BDAECCD}.Release|Any CPU.ActiveCfg = Release|Any CPU
		{19DB38C3-08D5-4305-900E-C0F77BDAECCD}.Release|Any CPU.Build.0 = Release|Any CPU
	EndGlobalSection
	GlobalSection(SolutionProperties) = preSolution
		HideSolutionNode = FALSE
	EndGlobalSection
	GlobalSection(NestedProjects) = preSolution
		{4B8F1EDB-9057-4879-8DFD-3813D2540758} = {5CCE7ED6-C5F5-49EB-9431-DC81F6F19009}
		{F6C528FB-1D9F-4372-9904-6D56C3B75CBA} = {5CCE7ED6-C5F5-49EB-9431-DC81F6F19009}
		{07E98B29-C742-484D-B0C2-319FE958AB15} = {5CCE7ED6-C5F5-49EB-9431-DC81F6F19009}
		{19DB38C3-08D5-4305-900E-C0F77BDAECCD} = {F3C7E92F-37AD-4F32-96F4-37F13B9DA5B0}
	EndGlobalSection
	GlobalSection(ExtensibilityGlobals) = postSolution
		SolutionGuid = {A8E31A45-E31F-4B0C-A800-273BC22E79F1}
	EndGlobalSection
EndGlobal
